
Microsoft Visual Studio Solution File, Format Version 12.00
# Visual Studio Version 16
VisualStudioVersion = 16.0.32413.511
MinimumVisualStudioVersion = 10.0.40219.1
Project("{FAE04EC0-301F-11D3-BF4B-00C04F79EFBC}") = "u21570869_HW03", "u21570869_HW03\u21570869_HW03.csproj", "{6F3F134F-2DBD-474A-A212-24A9E02FA3E8}"
EndProject
Global
	GlobalSection(SolutionConfigurationPlatforms) = preSolution
		Debug|Any CPU = Debug|Any CPU
		Release|Any CPU = Release|Any CPU
	EndGlobalSection
	GlobalSection(ProjectConfigurationPlatforms) = postSolution
		{6F3F134F-2DBD-474A-A212-24A9E02FA3E8}.Debug|Any CPU.ActiveCfg = Debug|Any CPU
		{6F3F134F-2DBD-474A-A212-24A9E02FA3E8}.Debug|Any CPU.Build.0 = Debug|Any CPU
		{6F3F134F-2DBD-474A-A212-24A9E02FA3E8}.Release|Any CPU.ActiveCfg = Release|Any CPU
		{6F3F134F-2DBD-474A-A212-24A9E02FA3E8}.Release|Any CPU.Build.0 = Release|Any CPU
	EndGlobalSection
	GlobalSection(SolutionProperties) = preSolution
		HideSolutionNode = FALSE
	EndGlobalSection
	GlobalSection(ExtensibilityGlobals) = postSolution
		SolutionGuid = {2656948D-66CB-45BD-9245-50D15780C8F1}
	EndGlobalSection
EndGlobal
